
Microsoft Visual Studio Solution File, Format Version 12.00
# Visual Studio Version 16
VisualStudioVersion = 16.0.30523.141
MinimumVisualStudioVersion = 10.0.40219.1
Project("{FAE04EC0-301F-11D3-BF4B-00C04F79EFBC}") = "LibraryManagement_Gurpreet", "LibraryManagement_Gurpreet\LibraryManagement_Gurpreet.csproj", "{CE04AE9B-C3EF-48F1-BD8C-A4DF49568165}"
EndProject
Global
	GlobalSection(SolutionConfigurationPlatforms) = preSolution
		Debug|Any CPU = Debug|Any CPU
		Release|Any CPU = Release|Any CPU
	EndGlobalSection
	GlobalSection(ProjectConfigurationPlatforms) = postSolution
		{CE04AE9B-C3EF-48F1-BD8C-A4DF49568165}.Debug|Any CPU.ActiveCfg = Debug|Any CPU
		{CE04AE9B-C3EF-48F1-BD8C-A4DF49568165}.Debug|Any CPU.Build.0 = Debug|Any CPU
		{CE04AE9B-C3EF-48F1-BD8C-A4DF49568165}.Release|Any CPU.ActiveCfg = Release|Any CPU
		{CE04AE9B-C3EF-48F1-BD8C-A4DF49568165}.Release|Any CPU.Build.0 = Release|Any CPU
	EndGlobalSection
	GlobalSection(SolutionProperties) = preSolution
		HideSolutionNode = FALSE
	EndGlobalSection
	GlobalSection(ExtensibilityGlobals) = postSolution
		SolutionGuid = {176EA3E2-4DEA-4AB2-A3D3-7B6686674BF0}
	EndGlobalSection
EndGlobal
